
Microsoft Visual Studio Solution File, Format Version 12.00
# Visual Studio 2012
Project("{8BC9CEB8-8B4A-11D0-8D11-00A0C91BC942}") = "TextFiles", "TextFiles\TextFiles.vcxproj", "{84077AC1-03F4-489C-B14C-65B1D9C13BAA}"
EndProject
Global
	GlobalSection(SolutionConfigurationPlatforms) = preSolution
		Debug|Win32 = Debug|Win32
		Release|Win32 = Release|Win32
	EndGlobalSection
	GlobalSection(ProjectConfigurationPlatforms) = postSolution
		{84077AC1-03F4-489C-B14C-65B1D9C13BAA}.Debug|Win32.ActiveCfg = Debug|Win32
		{84077AC1-03F4-489C-B14C-65B1D9C13BAA}.Debug|Win32.Build.0 = Debug|Win32
		{84077AC1-03F4-489C-B14C-65B1D9C13BAA}.Release|Win32.ActiveCfg = Release|Win32
		{84077AC1-03F4-489C-B14C-65B1D9C13BAA}.Release|Win32.Build.0 = Release|Win32
	EndGlobalSection
	GlobalSection(SolutionProperties) = preSolution
		HideSolutionNode = FALSE
	EndGlobalSection
EndGlobal
